
Microsoft Visual Studio Solution File, Format Version 12.00
# Visual Studio Version 17
VisualStudioVersion = 17.14.36127.28
MinimumVisualStudioVersion = 10.0.40219.1
Project("{2150E333-8FDC-42A3-9474-1A3956D46DE8}") = "src", "src", "{827E0CD3-B72D-47B6-A68D-7590B98EB39B}"
EndProject
Project("{FAE04EC0-301F-11D3-BF4B-00C04F79EFBC}") = "DataSmart.API", "src\DataSmart.API\DataSmart.API.csproj", "{3BA0FCC5-3096-436C-98BE-3541FE4AEDF5}"
EndProject
Project("{FAE04EC0-301F-11D3-BF4B-00C04F79EFBC}") = "DataSmart.Core", "src\DataSmart.Core\DataSmart.Core.csproj", "{C3941A8C-408D-484F-A9F7-CC5E3FD7579B}"
EndProject
Project("{FAE04EC0-301F-11D3-BF4B-00C04F79EFBC}") = "DataSmart.Infrastructure", "src\DataSmart.Infrastructure\DataSmart.Infrastructure.csproj", "{A697DA0F-7E92-413D-B2A3-33CF9445E368}"
EndProject
Project("{2150E333-8FDC-42A3-9474-1A3956D46DE8}") = "tests", "tests", "{0AB3BF05-4346-4AA6-1389-037BE0695223}"
EndProject
Project("{FAE04EC0-301F-11D3-BF4B-00C04F79EFBC}") = "DataSmart.Tests", "tests\DataSmart.Tests\DataSmart.Tests.csproj", "{4625C5E4-F49C-4681-ADA9-74D7767046CA}"
EndProject
Global
	GlobalSection(SolutionConfigurationPlatforms) = preSolution
		Debug|Any CPU = Debug|Any CPU
		Debug|x64 = Debug|x64
		Debug|x86 = Debug|x86
		Release|Any CPU = Release|Any CPU
		Release|x64 = Release|x64
		Release|x86 = Release|x86
	EndGlobalSection
	GlobalSection(ProjectConfigurationPlatforms) = postSolution
		{3BA0FCC5-3096-436C-98BE-3541FE4AEDF5}.Debug|Any CPU.ActiveCfg = Debug|Any CPU
		{3BA0FCC5-3096-436C-98BE-3541FE4AEDF5}.Debug|Any CPU.Build.0 = Debug|Any CPU
		{3BA0FCC5-3096-436C-98BE-3541FE4AEDF5}.Debug|x64.ActiveCfg = Debug|Any CPU
		{3BA0FCC5-3096-436C-98BE-3541FE4AEDF5}.Debug|x64.Build.0 = Debug|Any CPU
		{3BA0FCC5-3096-436C-98BE-3541FE4AEDF5}.Debug|x86.ActiveCfg = Debug|Any CPU
		{3BA0FCC5-3096-436C-98BE-3541FE4AEDF5}.Debug|x86.Build.0 = Debug|Any CPU
		{3BA0FCC5-3096-436C-98BE-3541FE4AEDF5}.Release|Any CPU.ActiveCfg = Release|Any CPU
		{3BA0FCC5-3096-436C-98BE-3541FE4AEDF5}.Release|Any CPU.Build.0 = Release|Any CPU
		{3BA0FCC5-3096-436C-98BE-3541FE4AEDF5}.Release|x64.ActiveCfg = Release|Any CPU
		{3BA0FCC5-3096-436C-98BE-3541FE4AEDF5}.Release|x64.Build.0 = Release|Any CPU
		{3BA0FCC5-3096-436C-98BE-3541FE4AEDF5}.Release|x86.ActiveCfg = Release|Any CPU
		{3BA0FCC5-3096-436C-98BE-3541FE4AEDF5}.Release|x86.Build.0 = Release|Any CPU
		{C3941A8C-408D-484F-A9F7-CC5E3FD7579B}.Debug|Any CPU.ActiveCfg = Debug|Any CPU
		{C3941A8C-408D-484F-A9F7-CC5E3FD7579B}.Debug|Any CPU.Build.0 = Debug|Any CPU
		{C3941A8C-408D-484F-A9F7-CC5E3FD7579B}.Debug|x64.ActiveCfg = Debug|Any CPU
		{C3941A8C-408D-484F-A9F7-CC5E3FD7579B}.Debug|x64.Build.0 = Debug|Any CPU
		{C3941A8C-408D-484F-A9F7-CC5E3FD7579B}.Debug|x86.ActiveCfg = Debug|Any CPU
		{C3941A8C-408D-484F-A9F7-CC5E3FD7579B}.Debug|x86.Build.0 = Debug|Any CPU
		{C3941A8C-408D-484F-A9F7-CC5E3FD7579B}.Release|Any CPU.ActiveCfg = Release|Any CPU
		{C3941A8C-408D-484F-A9F7-CC5E3FD7579B}.Release|Any CPU.Build.0 = Release|Any CPU
		{C3941A8C-408D-484F-A9F7-CC5E3FD7579B}.Release|x64.ActiveCfg = Release|Any CPU
		{C3941A8C-408D-484F-A9F7-CC5E3FD7579B}.Release|x64.Build.0 = Release|Any CPU
		{C3941A8C-408D-484F-A9F7-CC5E3FD7579B}.Release|x86.ActiveCfg = Release|Any CPU
		{C3941A8C-408D-484F-A9F7-CC5E3FD7579B}.Release|x86.Build.0 = Release|Any CPU
		{A697DA0F-7E92-413D-B2A3-33CF9445E368}.Debug|Any CPU.ActiveCfg = Debug|Any CPU
		{A697DA0F-7E92-413D-B2A3-33CF9445E368}.Debug|Any CPU.Build.0 = Debug|Any CPU
		{A697DA0F-7E92-413D-B2A3-33CF9445E368}.Debug|x64.ActiveCfg = Debug|Any CPU
		{A697DA0F-7E92-413D-B2A3-33CF9445E368}.Debug|x64.Build.0 = Debug|Any CPU
		{A697DA0F-7E92-413D-B2A3-33CF9445E368}.Debug|x86.ActiveCfg = Debug|Any CPU
		{A697DA0F-7E92-413D-B2A3-33CF9445E368}.Debug|x86.Build.0 = Debug|Any CPU
		{A697DA0F-7E92-413D-B2A3-33CF9445E368}.Release|Any CPU.ActiveCfg = Release|Any CPU
		{A697DA0F-7E92-413D-B2A3-33CF9445E368}.Release|Any CPU.Build.0 = Release|Any CPU
		{A697DA0F-7E92-413D-B2A3-33CF9445E368}.Release|x64.ActiveCfg = Release|Any CPU
		{A697DA0F-7E92-413D-B2A3-33CF9445E368}.Release|x64.Build.0 = Release|Any CPU
		{A697DA0F-7E92-413D-B2A3-33CF9445E368}.Release|x86.ActiveCfg = Release|Any CPU
		{A697DA0F-7E92-413D-B2A3-33CF9445E368}.Release|x86.Build.0 = Release|Any CPU
		{4625C5E4-F49C-4681-ADA9-74D7767046CA}.Debug|Any CPU.ActiveCfg = Debug|Any CPU
		{4625C5E4-F49C-4681-ADA9-74D7767046CA}.Debug|Any CPU.Build.0 = Debug|Any CPU
		{4625C5E4-F49C-4681-ADA9-74D7767046CA}.Debug|x64.ActiveCfg = Debug|Any CPU
		{4625C5E4-F49C-4681-ADA9-74D7767046CA}.Debug|x64.Build.0 = Debug|Any CPU
		{4625C5E4-F49C-4681-ADA9-74D7767046CA}.Debug|x86.ActiveCfg = Debug|Any CPU
		{4625C5E4-F49C-4681-ADA9-74D7767046CA}.Debug|x86.Build.0 = Debug|Any CPU
		{4625C5E4-F49C-4681-ADA9-74D7767046CA}.Release|Any CPU.ActiveCfg = Release|Any CPU
		{4625C5E4-F49C-4681-ADA9-74D7767046CA}.Release|Any CPU.Build.0 = Release|Any CPU
		{4625C5E4-F49C-4681-ADA9-74D7767046CA}.Release|x64.ActiveCfg = Release|Any CPU
		{4625C5E4-F49C-4681-ADA9-74D7767046CA}.Release|x64.Build.0 = Release|Any CPU
		{4625C5E4-F49C-4681-ADA9-74D7767046CA}.Release|x86.ActiveCfg = Release|Any CPU
		{4625C5E4-F49C-4681-ADA9-74D7767046CA}.Release|x86.Build.0 = Release|Any CPU
	EndGlobalSection
	GlobalSection(SolutionProperties) = preSolution
		HideSolutionNode = FALSE
	EndGlobalSection
	GlobalSection(NestedProjects) = preSolution
		{3BA0FCC5-3096-436C-98BE-3541FE4AEDF5} = {827E0CD3-B72D-47B6-A68D-7590B98EB39B}
		{C3941A8C-408D-484F-A9F7-CC5E3FD7579B} = {827E0CD3-B72D-47B6-A68D-7590B98EB39B}
		{A697DA0F-7E92-413D-B2A3-33CF9445E368} = {827E0CD3-B72D-47B6-A68D-7590B98EB39B}
		{4625C5E4-F49C-4681-ADA9-74D7767046CA} = {0AB3BF05-4346-4AA6-1389-037BE0695223}
	EndGlobalSection
	GlobalSection(ExtensibilityGlobals) = postSolution
		SolutionGuid = {BC04C08C-B853-49BF-BDB5-0E3584570513}
	EndGlobalSection
EndGlobal
